
Microsoft Visual Studio Solution File, Format Version 12.00
# Visual Studio 15
VisualStudioVersion = 15.0.28307.421
MinimumVisualStudioVersion = 10.0.40219.1
Project("{FAE04EC0-301F-11D3-BF4B-00C04F79EFBC}") = "MouseOver", "MouseOver\MouseOver.csproj", "{BD0D3157-6490-4B56-9A1C-68CDE6AD0718}"
EndProject
Global
	GlobalSection(SolutionConfigurationPlatforms) = preSolution
		Debug|Any CPU = Debug|Any CPU
		Release|Any CPU = Release|Any CPU
	EndGlobalSection
	GlobalSection(ProjectConfigurationPlatforms) = postSolution
		{BD0D3157-6490-4B56-9A1C-68CDE6AD0718}.Debug|Any CPU.ActiveCfg = Debug|Any CPU
		{BD0D3157-6490-4B56-9A1C-68CDE6AD0718}.Debug|Any CPU.Build.0 = Debug|Any CPU
		{BD0D3157-6490-4B56-9A1C-68CDE6AD0718}.Release|Any CPU.ActiveCfg = Release|Any CPU
		{BD0D3157-6490-4B56-9A1C-68CDE6AD0718}.Release|Any CPU.Build.0 = Release|Any CPU
	EndGlobalSection
	GlobalSection(SolutionProperties) = preSolution
		HideSolutionNode = FALSE
	EndGlobalSection
	GlobalSection(ExtensibilityGlobals) = postSolution
		SolutionGuid = {A880CE82-E2F9-405B-A773-6F4E9DA77580}
	EndGlobalSection
	GlobalSection(TeamFoundationVersionControl) = preSolution
		SccNumberOfProjects = 2
		SccEnterpriseProvider = {4CA58AB2-18FA-4F8D-95D4-32DDF27D184C}
		SccTeamFoundationServer = https://dev.azure.com/antonovav
		SccLocalPath0 = .
		SccProjectUniqueName1 = MouseOver\\MouseOver.csproj
		SccProjectName1 = MouseOver
		SccLocalPath1 = MouseOver
	EndGlobalSection
EndGlobal
